
Microsoft Visual Studio Solution File, Format Version 12.00
# Visual Studio Version 16
VisualStudioVersion = 16.0.31025.194
MinimumVisualStudioVersion = 10.0.40219.1
Project("{FAE04EC0-301F-11D3-BF4B-00C04F79EFBC}") = "CovidStatisticsApp", "CovidStatisticsApp\CovidStatisticsApp.csproj", "{1725A1EB-849F-492C-8064-E577BBAA3FF7}"
EndProject
Global
	GlobalSection(SolutionConfigurationPlatforms) = preSolution
		Debug|Any CPU = Debug|Any CPU
		Release|Any CPU = Release|Any CPU
	EndGlobalSection
	GlobalSection(ProjectConfigurationPlatforms) = postSolution
		{1725A1EB-849F-492C-8064-E577BBAA3FF7}.Debug|Any CPU.ActiveCfg = Debug|Any CPU
		{1725A1EB-849F-492C-8064-E577BBAA3FF7}.Debug|Any CPU.Build.0 = Debug|Any CPU
		{1725A1EB-849F-492C-8064-E577BBAA3FF7}.Release|Any CPU.ActiveCfg = Release|Any CPU
		{1725A1EB-849F-492C-8064-E577BBAA3FF7}.Release|Any CPU.Build.0 = Release|Any CPU
	EndGlobalSection
	GlobalSection(SolutionProperties) = preSolution
		HideSolutionNode = FALSE
	EndGlobalSection
	GlobalSection(ExtensibilityGlobals) = postSolution
		SolutionGuid = {1BA6AA69-DFB6-4D50-B3AC-C807E3A8E77D}
	EndGlobalSection
EndGlobal
